
Microsoft Visual Studio Solution File, Format Version 12.00
# Visual Studio Version 17
VisualStudioVersion = 17.2.32616.157
MinimumVisualStudioVersion = 10.0.40219.1
Project("{FAE04EC0-301F-11D3-BF4B-00C04F79EFBC}") = "ControleDeFronta", "ControleDeFronta.csproj", "{BBD0BB51-CC80-41B5-BE44-3C2709312A16}"
EndProject
Global
	GlobalSection(SolutionConfigurationPlatforms) = preSolution
		Debug|Any CPU = Debug|Any CPU
		Release|Any CPU = Release|Any CPU
	EndGlobalSection
	GlobalSection(ProjectConfigurationPlatforms) = postSolution
		{BBD0BB51-CC80-41B5-BE44-3C2709312A16}.Debug|Any CPU.ActiveCfg = Debug|Any CPU
		{BBD0BB51-CC80-41B5-BE44-3C2709312A16}.Debug|Any CPU.Build.0 = Debug|Any CPU
		{BBD0BB51-CC80-41B5-BE44-3C2709312A16}.Release|Any CPU.ActiveCfg = Release|Any CPU
		{BBD0BB51-CC80-41B5-BE44-3C2709312A16}.Release|Any CPU.Build.0 = Release|Any CPU
	EndGlobalSection
	GlobalSection(SolutionProperties) = preSolution
		HideSolutionNode = FALSE
	EndGlobalSection
	GlobalSection(ExtensibilityGlobals) = postSolution
		SolutionGuid = {16D8DE84-4469-4703-AC71-AC4EB13D0010}
	EndGlobalSection
EndGlobal
